
Microsoft Visual Studio Solution File, Format Version 12.00
# Visual Studio Version 17
VisualStudioVersion = 17.14.36414.22 d17.14
MinimumVisualStudioVersion = 10.0.40219.1
Project("{FAE04EC0-301F-11D3-BF4B-00C04F79EFBC}") = "BlazorServer", "BlazorServer\BlazorServer.csproj", "{73220FAA-F27E-445D-B41A-C0BA133B7AF9}"
EndProject
Global
	GlobalSection(SolutionConfigurationPlatforms) = preSolution
		Debug|Any CPU = Debug|Any CPU
		Release|Any CPU = Release|Any CPU
	EndGlobalSection
	GlobalSection(ProjectConfigurationPlatforms) = postSolution
		{73220FAA-F27E-445D-B41A-C0BA133B7AF9}.Debug|Any CPU.ActiveCfg = Debug|Any CPU
		{73220FAA-F27E-445D-B41A-C0BA133B7AF9}.Debug|Any CPU.Build.0 = Debug|Any CPU
		{73220FAA-F27E-445D-B41A-C0BA133B7AF9}.Release|Any CPU.ActiveCfg = Release|Any CPU
		{73220FAA-F27E-445D-B41A-C0BA133B7AF9}.Release|Any CPU.Build.0 = Release|Any CPU
	EndGlobalSection
	GlobalSection(SolutionProperties) = preSolution
		HideSolutionNode = FALSE
	EndGlobalSection
	GlobalSection(ExtensibilityGlobals) = postSolution
		SolutionGuid = {B934F77C-BC87-4492-927C-301025D4C77E}
	EndGlobalSection
EndGlobal
